
Microsoft Visual Studio Solution File, Format Version 12.00
# Visual Studio Version 16
VisualStudioVersion = 16.0.29609.76
MinimumVisualStudioVersion = 10.0.40219.1
Project("{FAE04EC0-301F-11D3-BF4B-00C04F79EFBC}") = "Instrument Control", "Instrument Control.csproj", "{BFBFA096-A2BE-460A-BEB4-037A20FBA03C}"
EndProject
Global
	GlobalSection(SolutionConfigurationPlatforms) = preSolution
		Debug|Any CPU = Debug|Any CPU
		Release|Any CPU = Release|Any CPU
	EndGlobalSection
	GlobalSection(ProjectConfigurationPlatforms) = postSolution
		{BFBFA096-A2BE-460A-BEB4-037A20FBA03C}.Debug|Any CPU.ActiveCfg = Debug|Any CPU
		{BFBFA096-A2BE-460A-BEB4-037A20FBA03C}.Debug|Any CPU.Build.0 = Debug|Any CPU
		{BFBFA096-A2BE-460A-BEB4-037A20FBA03C}.Release|Any CPU.ActiveCfg = Release|Any CPU
		{BFBFA096-A2BE-460A-BEB4-037A20FBA03C}.Release|Any CPU.Build.0 = Release|Any CPU
	EndGlobalSection
	GlobalSection(SolutionProperties) = preSolution
		HideSolutionNode = FALSE
	EndGlobalSection
	GlobalSection(ExtensibilityGlobals) = postSolution
		SolutionGuid = {1748282C-4D93-4608-A089-5DC2662DF59B}
	EndGlobalSection
EndGlobal
